
Microsoft Visual Studio Solution File, Format Version 12.00
# Visual Studio Version 17
VisualStudioVersion = 17.3.32922.545
MinimumVisualStudioVersion = 10.0.40219.1
Project("{FAE04EC0-301F-11D3-BF4B-00C04F79EFBC}") = "API_Testing_PetStore", "API_Testing_PetStore.csproj", "{6178749A-AC4A-488F-B4AC-F3CC2FB3703C}"
EndProject
Global
	GlobalSection(SolutionConfigurationPlatforms) = preSolution
		Debug|Any CPU = Debug|Any CPU
		Release|Any CPU = Release|Any CPU
	EndGlobalSection
	GlobalSection(ProjectConfigurationPlatforms) = postSolution
		{6178749A-AC4A-488F-B4AC-F3CC2FB3703C}.Debug|Any CPU.ActiveCfg = Debug|Any CPU
		{6178749A-AC4A-488F-B4AC-F3CC2FB3703C}.Debug|Any CPU.Build.0 = Debug|Any CPU
		{6178749A-AC4A-488F-B4AC-F3CC2FB3703C}.Release|Any CPU.ActiveCfg = Release|Any CPU
		{6178749A-AC4A-488F-B4AC-F3CC2FB3703C}.Release|Any CPU.Build.0 = Release|Any CPU
	EndGlobalSection
	GlobalSection(SolutionProperties) = preSolution
		HideSolutionNode = FALSE
	EndGlobalSection
	GlobalSection(ExtensibilityGlobals) = postSolution
		SolutionGuid = {7E40F87B-251A-4A34-9AC9-C50A34000222}
	EndGlobalSection
EndGlobal
